{
  "name": "cstr",
  "version": "0.1.0",
  "lockfileVersion": 1,
  "requires": true,
  "dependencies": {
    "fhir": {
      "version": "4.3.6",
      "resolved": "https://registry.npmjs.org/fhir/-/fhir-4.3.6.tgz",
      "integrity": "sha512-RsVpt1+gu25sXYbgNIx/9VkjDxtnG/Vl62LhTwUYWsO9Ax+4vxcYd/yma8VvtbCSB7ljZUTZJkORO+5O7afaXg==",
      "requires": {
        "lodash": "*",
        "path": "^0.12.7",
        "q": "^1.4.1",
        "underscore": "^1.8.3",
        "xml-js": "^1.6.2"
      },
      "dependencies": {
        "lodash": {
          "version": "4.17.10",
          "bundled": true
        },
        "path": {
          "version": "0.12.7",
          "bundled": true,
          "requires": {
            "process": "^0.11.1",
            "util": "^0.10.3"
          },
          "dependencies": {
            "inherits": {
              "version": "2.0.1",
              "bundled": true
            },
            "process": {
              "version": "0.11.10",
              "bundled": true
            },
            "util": {
              "version": "0.10.3",
              "bundled": true,
              "requires": {
                "inherits": "2.0.1"
              }
            }
          }
        },
        "q": {
          "version": "1.5.1",
          "bundled": true
        },
        "sax": {
          "version": "1.2.4",
          "bundled": true
        },
        "xml-js": {
          "version": "1.6.2",
          "bundled": true,
          "requires": {
            "sax": "^1.2.4"
          }
        }
      }
    },
    "underscore": {
      "version": "1.9.1",
      "resolved": "https://registry.npmjs.org/underscore/-/underscore-1.9.1.tgz",
      "integrity": "sha512-5/4etnCkd9c8gwgowi5/om/mYO5ajCaOgdzj/oW+0eQV9WxKBDZw5+ycmKmeaTXjInS/W0BzpGLo2xR2aBwZdg=="
    }
  }
}
